<?xml version="1.0" encoding="utf-8"?>
<Project ToolsVersion="4.0" xmlns="http://schemas.microsoft.com/developer/msbuild/2003">
  <ItemGroup>
    <Filter Include="Source Files">
      <UniqueIdentifier>{4FC737F1-C7A5-4376-A066-2A32D752A2FF}</UniqueIdentifier>
      <Extensions>cpp;c;cc;cxx;c++;cppm;ixx;def;odl;idl;hpj;bat;asm;asmx</Extensions>
    </Filter>
    <Filter Include="Header Files">
      <UniqueIdentifier>{93995380-89BD-4b04-88EB-625FBE52EBFB}</UniqueIdentifier>
      <Extensions>h;hh;hpp;hxx;h++;hm;inl;inc;ipp;xsd</Extensions>
    </Filter>
    <Filter Include="Resource Files">
      <UniqueIdentifier>{67DA6AB6-F800-4c08-8B7A-83BB121AAD01}</UniqueIdentifier>
      <Extensions>rc;ico;cur;bmp;dlg;rc2;rct;bin;rgs;gif;jpg;jpeg;jpe;resx;tiff;tif;png;wav;mfcribbon-ms</Extensions>
    </Filter>
  </ItemGroup>
  <ItemGroup>
    <ClInclude Include="vehExtParams.h">
      <Filter>Source Files</Filter>
    </ClInclude>
    <ClInclude Include="helpers.h">
      <Filter>Source Files</Filter>
    </ClInclude>
    <ClInclude Include="hookFns.h">
      <Filter>Source Files</Filter>
    </ClInclude>
    <ClInclude Include="addrs.h">
      <Filter>Source Files</Filter>
    </ClInclude>
    <ClInclude Include="atPool.h">
      <Filter>Source Files</Filter>
    </ClInclude>
    <ClInclude Include="trace.h">
      <Filter>Source Files</Filter>
    </ClInclude>
    <ClInclude Include="config.h">
      <Filter>Source Files</Filter>
    </ClInclude>
    <ClInclude Include="rage_math.h">
      <Filter>Source Files</Filter>
    </ClInclude>
    <ClInclude Include="crSkeleton.h">
      <Filter>Source Files</Filter>
    </ClInclude>
    <ClInclude Include="newComponents.h">
      <Filter>Source Files</Filter>
    </ClInclude>
    <ClInclude Include="CHandling.h">
      <Filter>Source Files</Filter>
    </ClInclude>
    <ClInclude Include="CVehicle.h">
      <Filter>Source Files</Filter>
    </ClInclude>
    <ClInclude Include="utils.h">
      <Filter>Source Files</Filter>
    </ClInclude>
    <ClInclude Include="licensePlates.h">
      <Filter>Source Files</Filter>
    </ClInclude>
    <ClInclude Include="transmission.h">
      <Filter>Source Files</Filter>
    </ClInclude>
    <ClInclude Include="bumpers.h">
      <Filter>Source Files</Filter>
    </ClInclude>
    <ClInclude Include="fragType.h">
      <Filter>Source Files</Filter>
    </ClInclude>
    <ClInclude Include="double_skidmark_fix.h">
      <Filter>Source Files</Filter>
    </ClInclude>
    <ClInclude Include="tankComponents.h">
      <Filter>Source Files</Filter>
    </ClInclude>
    <ClInclude Include="newVehFlags.h">
      <Filter>Source Files</Filter>
    </ClInclude>
    <ClInclude Include="weapon.h">
      <Filter>Source Files</Filter>
    </ClInclude>
    <ClInclude Include="rage_base.h">
      <Filter>Source Files</Filter>
    </ClInclude>
    <ClInclude Include="reloader.h">
      <Filter>Source Files</Filter>
    </ClInclude>
    <ClInclude Include="liveries.h">
      <Filter>Source Files</Filter>
    </ClInclude>
    <ClInclude Include="fx.h">
      <Filter>Source Files</Filter>
    </ClInclude>
  </ItemGroup>
  <ItemGroup>
    <ClCompile Include="dllmain.cpp">
      <Filter>Source Files</Filter>
    </ClCompile>
    <ClCompile Include="vehExtParams.cpp">
      <Filter>Source Files</Filter>
    </ClCompile>
    <ClCompile Include="hookFns.cpp">
      <Filter>Source Files</Filter>
    </ClCompile>
    <ClCompile Include="addrs.cpp">
      <Filter>Source Files</Filter>
    </ClCompile>
    <ClCompile Include="Hooking.Patterns-master\Hooking.Patterns.cpp">
      <Filter>Source Files</Filter>
    </ClCompile>
    <ClCompile Include="trace.cpp">
      <Filter>Source Files</Filter>
    </ClCompile>
    <ClCompile Include="testZone.cpp">
      <Filter>Source Files</Filter>
    </ClCompile>
    <ClCompile Include="config.cpp">
      <Filter>Source Files</Filter>
    </ClCompile>
    <ClCompile Include="licensePlates.cpp">
      <Filter>Source Files</Filter>
    </ClCompile>
    <ClCompile Include="rage_math.cpp">
      <Filter>Source Files</Filter>
    </ClCompile>
    <ClCompile Include="newComponents.cpp">
      <Filter>Source Files</Filter>
    </ClCompile>
    <ClCompile Include="utils.cpp">
      <Filter>Source Files</Filter>
    </ClCompile>
    <ClCompile Include="helpers.cpp">
      <Filter>Source Files</Filter>
    </ClCompile>
    <ClCompile Include="transmission.cpp">
      <Filter>Source Files</Filter>
    </ClCompile>
    <ClCompile Include="bumpers.cpp">
      <Filter>Source Files</Filter>
    </ClCompile>
    <ClCompile Include="double_skidmark_fix.cpp">
      <Filter>Source Files</Filter>
    </ClCompile>
    <ClCompile Include="tankComponents.cpp">
      <Filter>Source Files</Filter>
    </ClCompile>
    <ClCompile Include="newVehFlags.cpp">
      <Filter>Source Files</Filter>
    </ClCompile>
    <ClCompile Include="weapon.cpp">
      <Filter>Source Files</Filter>
    </ClCompile>
    <ClCompile Include="reloader.cpp">
      <Filter>Source Files</Filter>
    </ClCompile>
    <ClCompile Include="liveries.cpp">
      <Filter>Source Files</Filter>
    </ClCompile>
  </ItemGroup>
</Project>